
Microsoft Visual Studio Solution File, Format Version 12.00
# Visual Studio Version 16
VisualStudioVersion = 16.0.31129.286
MinimumVisualStudioVersion = 10.0.40219.1
Project("{FAE04EC0-301F-11D3-BF4B-00C04F79EFBC}") = "AZToGit", "AZToGit.csproj", "{9D876AB7-F8F8-4741-A07E-2E77009A53B7}"
EndProject
Global
	GlobalSection(SolutionConfigurationPlatforms) = preSolution
		Debug|Any CPU = Debug|Any CPU
		Release|Any CPU = Release|Any CPU
	EndGlobalSection
	GlobalSection(ProjectConfigurationPlatforms) = postSolution
		{9D876AB7-F8F8-4741-A07E-2E77009A53B7}.Debug|Any CPU.ActiveCfg = Debug|Any CPU
		{9D876AB7-F8F8-4741-A07E-2E77009A53B7}.Debug|Any CPU.Build.0 = Debug|Any CPU
		{9D876AB7-F8F8-4741-A07E-2E77009A53B7}.Release|Any CPU.ActiveCfg = Release|Any CPU
		{9D876AB7-F8F8-4741-A07E-2E77009A53B7}.Release|Any CPU.Build.0 = Release|Any CPU
	EndGlobalSection
	GlobalSection(SolutionProperties) = preSolution
		HideSolutionNode = FALSE
	EndGlobalSection
	GlobalSection(ExtensibilityGlobals) = postSolution
		SolutionGuid = {660AF135-1DDE-4891-99B4-3E57875BB381}
	EndGlobalSection
EndGlobal
